
Microsoft Visual Studio Solution File, Format Version 12.00
# Visual Studio Version 16
VisualStudioVersion = 16.0.29806.167
MinimumVisualStudioVersion = 10.0.40219.1
Project("{2150E333-8FDC-42A3-9474-1A3956D46DE8}") = "Publish", "Publish", "{C1049B2E-05CE-428B-AEDB-487C4EEFF331}"
EndProject
Project("{2150E333-8FDC-42A3-9474-1A3956D46DE8}") = "Subscribe", "Subscribe", "{6555ABBA-24D6-4AB3-B5F1-0F69B5044153}"
EndProject
Project("{9A19103F-16F7-4668-BE54-9A1E7A4F7556}") = "SubscribeRabbitMQ", "SubscribeRabbitMQ\SubscribeRabbitMQ.csproj", "{7D6ADF95-9E5B-4EE1-803E-8101E6A1EC71}"
EndProject
Project("{9A19103F-16F7-4668-BE54-9A1E7A4F7556}") = "PublishRabbitMQ", "PublishRabbitMQ\PublishRabbitMQ.csproj", "{B9C6BFBA-2F0E-4F10-AADA-7381C91D1A0D}"
EndProject
Project("{2150E333-8FDC-42A3-9474-1A3956D46DE8}") = "Common", "Common", "{694AC3C7-C122-43D0-BE4F-D1F6E3CDB3C7}"
EndProject
Project("{9A19103F-16F7-4668-BE54-9A1E7A4F7556}") = "Exchange.Common", "Exchange.Common\Exchange.Common.csproj", "{AB008D6A-EDE9-4B58-907A-7BCC5D819F9C}"
EndProject
Project("{2150E333-8FDC-42A3-9474-1A3956D46DE8}") = "DirectExchange", "DirectExchange", "{BF1B1C34-BF57-49C0-B7F3-9B6BBA0A2CE4}"
EndProject
Project("{2150E333-8FDC-42A3-9474-1A3956D46DE8}") = "FanoutExchange", "FanoutExchange", "{7A32EF38-E380-4971-8B59-03FADEC61636}"
EndProject
Project("{2150E333-8FDC-42A3-9474-1A3956D46DE8}") = "Publish", "Publish", "{F17A865C-EB87-45BB-A96D-4639739F376A}"
EndProject
Project("{9A19103F-16F7-4668-BE54-9A1E7A4F7556}") = "FanoutExchange.Publish", "FanoutExchange.Publish\FanoutExchange.Publish.csproj", "{F92187D2-CB12-42F7-87D3-121B37E384EC}"
EndProject
Project("{2150E333-8FDC-42A3-9474-1A3956D46DE8}") = "Subscribe", "Subscribe", "{895B68D6-8592-46B3-9667-3AA72263D651}"
EndProject
Project("{9A19103F-16F7-4668-BE54-9A1E7A4F7556}") = "FanoutExchange.Subscribe", "FanoutExchange.Subscribe\FanoutExchange.Subscribe.csproj", "{91806061-1B5D-4488-A620-548DDE43EBBF}"
EndProject
Project("{2150E333-8FDC-42A3-9474-1A3956D46DE8}") = "TopicExchange", "TopicExchange", "{09DB90D3-7652-451D-90BC-2F9D4CD3C9EC}"
	ProjectSection(SolutionItems) = preProject
		IntegrationEventLogEF\Services\IIntegrationEventLogService.cs = IntegrationEventLogEF\Services\IIntegrationEventLogService.cs
	EndProjectSection
EndProject
Project("{2150E333-8FDC-42A3-9474-1A3956D46DE8}") = "Publish", "Publish", "{1B691F3C-792E-496A-8765-77746E7F3C40}"
EndProject
Project("{2150E333-8FDC-42A3-9474-1A3956D46DE8}") = "Subscribe", "Subscribe", "{6F860251-A19F-4C21-9177-B9F18F4177DC}"
EndProject
Project("{9A19103F-16F7-4668-BE54-9A1E7A4F7556}") = "TopicExchange.Publish", "TopicExchange.Publish\TopicExchange.Publish.csproj", "{688189E0-3BF8-4567-A9D4-028938E7A07C}"
EndProject
Project("{9A19103F-16F7-4668-BE54-9A1E7A4F7556}") = "TopicExchange.Subscribe", "TopicExchange.Subscribe\TopicExchange.Subscribe.csproj", "{91131381-93BE-476F-9A1F-90778352AD4B}"
EndProject
Project("{2150E333-8FDC-42A3-9474-1A3956D46DE8}") = "HeaderExchange", "HeaderExchange", "{B9A2BC34-B9D7-4229-ADB4-92CC9E1182E8}"
EndProject
Project("{9A19103F-16F7-4668-BE54-9A1E7A4F7556}") = "HeaderExchange.Publish", "HeaderExchange.Publish\HeaderExchange.Publish.csproj", "{5CF145F6-9799-4F42-9672-F8367C1EB946}"
EndProject
Project("{2150E333-8FDC-42A3-9474-1A3956D46DE8}") = "Publish", "Publish", "{C47EB613-F902-4AA0-B48C-065D5274D94D}"
EndProject
Project("{2150E333-8FDC-42A3-9474-1A3956D46DE8}") = "Subscribe", "Subscribe", "{C563127B-7CE5-48F5-AEA0-B73DC84D1204}"
EndProject
Project("{9A19103F-16F7-4668-BE54-9A1E7A4F7556}") = "HeaderExchange.Subsribe", "HeaderExchange.Subsribe\HeaderExchange.Subsribe.csproj", "{F1159F5C-2928-43E0-AD50-EA4C2AA21115}"
EndProject
Project("{2150E333-8FDC-42A3-9474-1A3956D46DE8}") = "RabbitMQDemo", "RabbitMQDemo", "{AD726B5B-6B69-406B-92B0-E297018D5F57}"
EndProject
Project("{9A19103F-16F7-4668-BE54-9A1E7A4F7556}") = "EventBus", "EventBus\EventBus.csproj", "{9DC58137-C83A-4C11-9434-F68C5B3BEE8E}"
EndProject
Project("{9A19103F-16F7-4668-BE54-9A1E7A4F7556}") = "EventBusRabbitMQ", "EventBusRabbitMQ\EventBusRabbitMQ.csproj", "{2FB3E617-50C0-4A5E-AECA-C7BA4E1962B6}"
EndProject
Project("{9A19103F-16F7-4668-BE54-9A1E7A4F7556}") = "Catalog.API", "Catalog.API\Catalog.API.csproj", "{498CCAB7-C328-4704-AAA6-16D06EAED793}"
EndProject
Project("{9A19103F-16F7-4668-BE54-9A1E7A4F7556}") = "IntegrationEventLogEF", "IntegrationEventLogEF\IntegrationEventLogEF.csproj", "{A7CA71AF-CC41-4FA9-9B36-A41112E1B9AA}"
EndProject
Project("{9A19103F-16F7-4668-BE54-9A1E7A4F7556}") = "Basket.API", "Basket.API\Basket.API.csproj", "{97FC5A04-A7AC-4CA7-9B99-D20C4C2D1D01}"
EndProject
Global
	GlobalSection(SolutionConfigurationPlatforms) = preSolution
		Debug|Any CPU = Debug|Any CPU
		Release|Any CPU = Release|Any CPU
	EndGlobalSection
	GlobalSection(ProjectConfigurationPlatforms) = postSolution
		{7D6ADF95-9E5B-4EE1-803E-8101E6A1EC71}.Debug|Any CPU.ActiveCfg = Debug|Any CPU
		{7D6ADF95-9E5B-4EE1-803E-8101E6A1EC71}.Debug|Any CPU.Build.0 = Debug|Any CPU
		{7D6ADF95-9E5B-4EE1-803E-8101E6A1EC71}.Release|Any CPU.ActiveCfg = Release|Any CPU
		{7D6ADF95-9E5B-4EE1-803E-8101E6A1EC71}.Release|Any CPU.Build.0 = Release|Any CPU
		{B9C6BFBA-2F0E-4F10-AADA-7381C91D1A0D}.Debug|Any CPU.ActiveCfg = Debug|Any CPU
		{B9C6BFBA-2F0E-4F10-AADA-7381C91D1A0D}.Debug|Any CPU.Build.0 = Debug|Any CPU
		{B9C6BFBA-2F0E-4F10-AADA-7381C91D1A0D}.Release|Any CPU.ActiveCfg = Release|Any CPU
		{B9C6BFBA-2F0E-4F10-AADA-7381C91D1A0D}.Release|Any CPU.Build.0 = Release|Any CPU
		{AB008D6A-EDE9-4B58-907A-7BCC5D819F9C}.Debug|Any CPU.ActiveCfg = Debug|Any CPU
		{AB008D6A-EDE9-4B58-907A-7BCC5D819F9C}.Debug|Any CPU.Build.0 = Debug|Any CPU
		{AB008D6A-EDE9-4B58-907A-7BCC5D819F9C}.Release|Any CPU.ActiveCfg = Release|Any CPU
		{AB008D6A-EDE9-4B58-907A-7BCC5D819F9C}.Release|Any CPU.Build.0 = Release|Any CPU
		{F92187D2-CB12-42F7-87D3-121B37E384EC}.Debug|Any CPU.ActiveCfg = Debug|Any CPU
		{F92187D2-CB12-42F7-87D3-121B37E384EC}.Debug|Any CPU.Build.0 = Debug|Any CPU
		{F92187D2-CB12-42F7-87D3-121B37E384EC}.Release|Any CPU.ActiveCfg = Release|Any CPU
		{F92187D2-CB12-42F7-87D3-121B37E384EC}.Release|Any CPU.Build.0 = Release|Any CPU
		{91806061-1B5D-4488-A620-548DDE43EBBF}.Debug|Any CPU.ActiveCfg = Debug|Any CPU
		{91806061-1B5D-4488-A620-548DDE43EBBF}.Debug|Any CPU.Build.0 = Debug|Any CPU
		{91806061-1B5D-4488-A620-548DDE43EBBF}.Release|Any CPU.ActiveCfg = Release|Any CPU
		{91806061-1B5D-4488-A620-548DDE43EBBF}.Release|Any CPU.Build.0 = Release|Any CPU
		{688189E0-3BF8-4567-A9D4-028938E7A07C}.Debug|Any CPU.ActiveCfg = Debug|Any CPU
		{688189E0-3BF8-4567-A9D4-028938E7A07C}.Debug|Any CPU.Build.0 = Debug|Any CPU
		{688189E0-3BF8-4567-A9D4-028938E7A07C}.Release|Any CPU.ActiveCfg = Release|Any CPU
		{688189E0-3BF8-4567-A9D4-028938E7A07C}.Release|Any CPU.Build.0 = Release|Any CPU
		{91131381-93BE-476F-9A1F-90778352AD4B}.Debug|Any CPU.ActiveCfg = Debug|Any CPU
		{91131381-93BE-476F-9A1F-90778352AD4B}.Debug|Any CPU.Build.0 = Debug|Any CPU
		{91131381-93BE-476F-9A1F-90778352AD4B}.Release|Any CPU.ActiveCfg = Release|Any CPU
		{91131381-93BE-476F-9A1F-90778352AD4B}.Release|Any CPU.Build.0 = Release|Any CPU
		{5CF145F6-9799-4F42-9672-F8367C1EB946}.Debug|Any CPU.ActiveCfg = Debug|Any CPU
		{5CF145F6-9799-4F42-9672-F8367C1EB946}.Debug|Any CPU.Build.0 = Debug|Any CPU
		{5CF145F6-9799-4F42-9672-F8367C1EB946}.Release|Any CPU.ActiveCfg = Release|Any CPU
		{5CF145F6-9799-4F42-9672-F8367C1EB946}.Release|Any CPU.Build.0 = Release|Any CPU
		{F1159F5C-2928-43E0-AD50-EA4C2AA21115}.Debug|Any CPU.ActiveCfg = Debug|Any CPU
		{F1159F5C-2928-43E0-AD50-EA4C2AA21115}.Debug|Any CPU.Build.0 = Debug|Any CPU
		{F1159F5C-2928-43E0-AD50-EA4C2AA21115}.Release|Any CPU.ActiveCfg = Release|Any CPU
		{F1159F5C-2928-43E0-AD50-EA4C2AA21115}.Release|Any CPU.Build.0 = Release|Any CPU
		{9DC58137-C83A-4C11-9434-F68C5B3BEE8E}.Debug|Any CPU.ActiveCfg = Debug|Any CPU
		{9DC58137-C83A-4C11-9434-F68C5B3BEE8E}.Debug|Any CPU.Build.0 = Debug|Any CPU
		{9DC58137-C83A-4C11-9434-F68C5B3BEE8E}.Release|Any CPU.ActiveCfg = Release|Any CPU
		{9DC58137-C83A-4C11-9434-F68C5B3BEE8E}.Release|Any CPU.Build.0 = Release|Any CPU
		{2FB3E617-50C0-4A5E-AECA-C7BA4E1962B6}.Debug|Any CPU.ActiveCfg = Debug|Any CPU
		{2FB3E617-50C0-4A5E-AECA-C7BA4E1962B6}.Debug|Any CPU.Build.0 = Debug|Any CPU
		{2FB3E617-50C0-4A5E-AECA-C7BA4E1962B6}.Release|Any CPU.ActiveCfg = Release|Any CPU
		{2FB3E617-50C0-4A5E-AECA-C7BA4E1962B6}.Release|Any CPU.Build.0 = Release|Any CPU
		{498CCAB7-C328-4704-AAA6-16D06EAED793}.Debug|Any CPU.ActiveCfg = Debug|Any CPU
		{498CCAB7-C328-4704-AAA6-16D06EAED793}.Debug|Any CPU.Build.0 = Debug|Any CPU
		{498CCAB7-C328-4704-AAA6-16D06EAED793}.Release|Any CPU.ActiveCfg = Release|Any CPU
		{498CCAB7-C328-4704-AAA6-16D06EAED793}.Release|Any CPU.Build.0 = Release|Any CPU
		{A7CA71AF-CC41-4FA9-9B36-A41112E1B9AA}.Debug|Any CPU.ActiveCfg = Debug|Any CPU
		{A7CA71AF-CC41-4FA9-9B36-A41112E1B9AA}.Debug|Any CPU.Build.0 = Debug|Any CPU
		{A7CA71AF-CC41-4FA9-9B36-A41112E1B9AA}.Release|Any CPU.ActiveCfg = Release|Any CPU
		{A7CA71AF-CC41-4FA9-9B36-A41112E1B9AA}.Release|Any CPU.Build.0 = Release|Any CPU
		{97FC5A04-A7AC-4CA7-9B99-D20C4C2D1D01}.Debug|Any CPU.ActiveCfg = Debug|Any CPU
		{97FC5A04-A7AC-4CA7-9B99-D20C4C2D1D01}.Debug|Any CPU.Build.0 = Debug|Any CPU
		{97FC5A04-A7AC-4CA7-9B99-D20C4C2D1D01}.Release|Any CPU.ActiveCfg = Release|Any CPU
		{97FC5A04-A7AC-4CA7-9B99-D20C4C2D1D01}.Release|Any CPU.Build.0 = Release|Any CPU
	EndGlobalSection
	GlobalSection(SolutionProperties) = preSolution
		HideSolutionNode = FALSE
	EndGlobalSection
	GlobalSection(NestedProjects) = preSolution
		{C1049B2E-05CE-428B-AEDB-487C4EEFF331} = {BF1B1C34-BF57-49C0-B7F3-9B6BBA0A2CE4}
		{6555ABBA-24D6-4AB3-B5F1-0F69B5044153} = {BF1B1C34-BF57-49C0-B7F3-9B6BBA0A2CE4}
		{7D6ADF95-9E5B-4EE1-803E-8101E6A1EC71} = {6555ABBA-24D6-4AB3-B5F1-0F69B5044153}
		{B9C6BFBA-2F0E-4F10-AADA-7381C91D1A0D} = {C1049B2E-05CE-428B-AEDB-487C4EEFF331}
		{AB008D6A-EDE9-4B58-907A-7BCC5D819F9C} = {694AC3C7-C122-43D0-BE4F-D1F6E3CDB3C7}
		{F17A865C-EB87-45BB-A96D-4639739F376A} = {7A32EF38-E380-4971-8B59-03FADEC61636}
		{F92187D2-CB12-42F7-87D3-121B37E384EC} = {F17A865C-EB87-45BB-A96D-4639739F376A}
		{895B68D6-8592-46B3-9667-3AA72263D651} = {7A32EF38-E380-4971-8B59-03FADEC61636}
		{91806061-1B5D-4488-A620-548DDE43EBBF} = {895B68D6-8592-46B3-9667-3AA72263D651}
		{1B691F3C-792E-496A-8765-77746E7F3C40} = {09DB90D3-7652-451D-90BC-2F9D4CD3C9EC}
		{6F860251-A19F-4C21-9177-B9F18F4177DC} = {09DB90D3-7652-451D-90BC-2F9D4CD3C9EC}
		{688189E0-3BF8-4567-A9D4-028938E7A07C} = {1B691F3C-792E-496A-8765-77746E7F3C40}
		{91131381-93BE-476F-9A1F-90778352AD4B} = {6F860251-A19F-4C21-9177-B9F18F4177DC}
		{5CF145F6-9799-4F42-9672-F8367C1EB946} = {C47EB613-F902-4AA0-B48C-065D5274D94D}
		{C47EB613-F902-4AA0-B48C-065D5274D94D} = {B9A2BC34-B9D7-4229-ADB4-92CC9E1182E8}
		{C563127B-7CE5-48F5-AEA0-B73DC84D1204} = {B9A2BC34-B9D7-4229-ADB4-92CC9E1182E8}
		{F1159F5C-2928-43E0-AD50-EA4C2AA21115} = {C563127B-7CE5-48F5-AEA0-B73DC84D1204}
		{9DC58137-C83A-4C11-9434-F68C5B3BEE8E} = {AD726B5B-6B69-406B-92B0-E297018D5F57}
		{2FB3E617-50C0-4A5E-AECA-C7BA4E1962B6} = {AD726B5B-6B69-406B-92B0-E297018D5F57}
		{498CCAB7-C328-4704-AAA6-16D06EAED793} = {AD726B5B-6B69-406B-92B0-E297018D5F57}
		{A7CA71AF-CC41-4FA9-9B36-A41112E1B9AA} = {AD726B5B-6B69-406B-92B0-E297018D5F57}
		{97FC5A04-A7AC-4CA7-9B99-D20C4C2D1D01} = {AD726B5B-6B69-406B-92B0-E297018D5F57}
	EndGlobalSection
	GlobalSection(ExtensibilityGlobals) = postSolution
		SolutionGuid = {CC0CD724-5B43-4313-ADE9-C2ED32DDDE02}
	EndGlobalSection
EndGlobal
